
Microsoft Visual Studio Solution File, Format Version 12.00
# Visual Studio 2017
Project("{FAE04EC0-301F-11D3-BF4B-00C04F79EFBC}") = "03_ShootHoop", "03_ShootHoop.csproj", "{144FB58D-9956-4F0A-FEF2-333D88A07ABD}"
EndProject
Global
	GlobalSection(SolutionConfigurationPlatforms) = preSolution
		Debug|Any CPU = Debug|Any CPU
		Release|Any CPU = Release|Any CPU
	EndGlobalSection
	GlobalSection(ProjectConfigurationPlatforms) = postSolution
		{144FB58D-9956-4F0A-FEF2-333D88A07ABD}.Debug|Any CPU.ActiveCfg = Debug|Any CPU
		{144FB58D-9956-4F0A-FEF2-333D88A07ABD}.Debug|Any CPU.Build.0 = Debug|Any CPU
		{144FB58D-9956-4F0A-FEF2-333D88A07ABD}.Release|Any CPU.ActiveCfg = Release|Any CPU
		{144FB58D-9956-4F0A-FEF2-333D88A07ABD}.Release|Any CPU.Build.0 = Release|Any CPU
	EndGlobalSection
	GlobalSection(SolutionProperties) = preSolution
		HideSolutionNode = FALSE
	EndGlobalSection
EndGlobal
